{
  "name": "common-ts",
  "version": "1.0.0",
  "lockfileVersion": 3,
  "requires": true,
  "packages": {
    "": {
      "name": "common-ts",
      "version": "1.0.0",
      "workspaces": [
        "packages/*"
      ],
      "dependencies": {
        "my-app": "file:../betakwaaba"
      },
      "devDependencies": {
        "svelte": "^5.0.0",
        "typescript": "^5.4.0"
      }
    },
    "../betakwaaba": {
      "name": "my-app",
      "version": "0.0.1",
      "dependencies": {
        "@capacitor/android": "^8.5.0",
        "@capacitor/cli": "^7.6.8",
        "@capacitor/core": "^8.5.0",
        "@sveltejs/adapter-static": "^3.0.10",
        "@web3auth/auth-adapter": "^9.7.0",
        "@web3auth/base": "^9.7.0",
        "@web3auth/ethereum-provider": "^9.7.0",
        "@web3auth/modal": "^9.7.0",
        "@web3auth/no-modal": "^9.7.0",
        "bootstrap": "^5.3.8",
        "ethers": "^6.17.0",
        "moment": "^2.30.1",
        "swiper": "^14.0.5",
        "viem": "^2.55.17"
      },
      "devDependencies": {
        "@sveltejs/adapter-auto": "^7.0.1",
        "@sveltejs/kit": "^2.63.0",
        "@sveltejs/vite-plugin-svelte": "^7.1.2",
        "svelte": "^5.56.1",
        "svelte-check": "^4.6.0",
        "typescript": "^6.0.3",
        "vite": "^8.0.16",
        "vite-plugin-node-polyfills": "^0.28.0"
      }
    },
    "node_modules/@company/auth": {
      "resolved": "packages/auth",
      "link": true
    },
    "node_modules/@company/cashier": {
      "resolved": "packages/cashier",
      "link": true
    },
    "node_modules/@company/game": {
      "resolved": "packages/game",
      "link": true
    },
    "node_modules/@company/profile": {
      "resolved": "packages/profile",
      "link": true
    },
    "node_modules/@company/shared-ui": {
      "resolved": "packages/shared-ui",
      "link": true
    },
    "node_modules/@jridgewell/gen-mapping": {
      "version": "0.3.13",
      "resolved": "https://registry.npmjs.org/@jridgewell/gen-mapping/-/gen-mapping-0.3.13.tgz",
      "integrity": "sha512-2kkt/7niJ6MgEPxF0bYdQ6etZaA+fQvDcLKckhy1yIQOzaoKjBBjSj63/aLVjYE3qhRt5dvM+uUyfCg6UKCBbA==",
      "dev": true,
      "license": "MIT",
      "dependencies": {
        "@jridgewell/sourcemap-codec": "^1.5.0",
        "@jridgewell/trace-mapping": "^0.3.24"
      }
    },
    "node_modules/@jridgewell/remapping": {
      "version": "2.3.5",
      "resolved": "https://registry.npmjs.org/@jridgewell/remapping/-/remapping-2.3.5.tgz",
      "integrity": "sha512-LI9u/+laYG4Ds1TDKSJW2YPrIlcVYOwi2fUC6xB43lueCjgxV4lffOCZCtYFiH6TNOX+tQKXx97T4IKHbhyHEQ==",
      "dev": true,
      "license": "MIT",
      "dependencies": {
        "@jridgewell/gen-mapping": "^0.3.5",
        "@jridgewell/trace-mapping": "^0.3.24"
      }
    },
    "node_modules/@jridgewell/resolve-uri": {
      "version": "3.1.2",
      "resolved": "https://registry.npmjs.org/@jridgewell/resolve-uri/-/resolve-uri-3.1.2.tgz",
      "integrity": "sha512-bRISgCIjP20/tbWSPWMEi54QVPRZExkuD9lJL+UIxUKtwVJA8wW1Trb1jMs1RFXo1CBTNZ/5hpC9QvmKWdopKw==",
      "dev": true,
      "license": "MIT",
      "engines": {
        "node": ">=6.0.0"
      }
    },
    "node_modules/@jridgewell/sourcemap-codec": {
      "version": "1.6.0",
      "resolved": "https://registry.npmjs.org/@jridgewell/sourcemap-codec/-/sourcemap-codec-1.6.0.tgz",
      "integrity": "sha512-T7jf+5zgsZHwNJ4lvQ7/aezbyk0nNX+zJVWpmHA7VYsEx7a7qr5Rg5IbtJFqkgze5Y2sruq1RUY8Q837Od7iFw==",
      "dev": true,
      "license": "MIT"
    },
    "node_modules/@jridgewell/trace-mapping": {
      "version": "0.3.31",
      "resolved": "https://registry.npmjs.org/@jridgewell/trace-mapping/-/trace-mapping-0.3.31.tgz",
      "integrity": "sha512-zzNR+SdQSDJzc8joaeP8QQoCQr8NuYx2dIIytl1QeBEZHJ9uW6hebsrYgbz8hJwUQao3TWCMtmfV8Nu1twOLAw==",
      "dev": true,
      "license": "MIT",
      "dependencies": {
        "@jridgewell/resolve-uri": "^3.1.0",
        "@jridgewell/sourcemap-codec": "^1.4.14"
      }
    },
    "node_modules/@sveltejs/acorn-typescript": {
      "version": "1.0.13",
      "resolved": "https://registry.npmjs.org/@sveltejs/acorn-typescript/-/acorn-typescript-1.0.13.tgz",
      "integrity": "sha512-wgKggnhZVL9Bfx1OaKKTrYY9BFRk6C8UAkQNUcIv1+llzYrIqy+RZm5HPKzn0NpEBvTVhTqB4kQyllZywsRBRQ==",
      "dev": true,
      "license": "MIT",
      "peerDependencies": {
        "acorn": "^8.9.0"
      }
    },
    "node_modules/@types/estree": {
      "version": "1.0.9",
      "resolved": "https://registry.npmjs.org/@types/estree/-/estree-1.0.9.tgz",
      "integrity": "sha512-GhdPgy1el4/ImP05X05Uw4cw2/M93BCUmnEvWZNStlCzEKME4Fkk+YpoA5OiHNQmoS7Cafb8Xa3Pya8m1Qrzeg==",
      "dev": true,
      "license": "MIT"
    },
    "node_modules/acorn": {
      "version": "8.18.0",
      "resolved": "https://registry.npmjs.org/acorn/-/acorn-8.18.0.tgz",
      "integrity": "sha512-lGq+9yr1/GuAWaVYIHRjvvySG5/4VfKIvC8EWxStPdcDh/Ka7FG3twP6v4d5BkravUilhIAsG4Qj83t02LWUPQ==",
      "dev": true,
      "license": "MIT",
      "bin": {
        "acorn": "bin/acorn"
      },
      "engines": {
        "node": ">=0.4.0"
      }
    },
    "node_modules/aria-query": {
      "version": "5.3.1",
      "resolved": "https://registry.npmjs.org/aria-query/-/aria-query-5.3.1.tgz",
      "integrity": "sha512-Z/ZeOgVl7bcSYZ/u/rh0fOpvEpq//LZmdbkXyc7syVzjPAhfOa9ebsdTSjEBDU4vs5nC98Kfduj1uFo0qyET3g==",
      "dev": true,
      "license": "Apache-2.0",
      "engines": {
        "node": ">= 0.4"
      }
    },
    "node_modules/axobject-query": {
      "version": "4.1.0",
      "resolved": "https://registry.npmjs.org/axobject-query/-/axobject-query-4.1.0.tgz",
      "integrity": "sha512-qIj0G9wZbMGNLjLmg1PT6v2mE9AH2zlnADJD/2tC6E00hgmhUOfEB6greHPAfLRSufHqROIUTkw6E+M3lH0PTQ==",
      "dev": true,
      "license": "Apache-2.0",
      "engines": {
        "node": ">= 0.4"
      }
    },
    "node_modules/clsx": {
      "version": "2.1.1",
      "resolved": "https://registry.npmjs.org/clsx/-/clsx-2.1.1.tgz",
      "integrity": "sha512-eYm0QWBtUrBWZWG0d386OGAw16Z995PiOVo2B7bjWSbHedGl5e0ZWaq65kOGgUSNesEIDkB9ISbTg/JK9dhCZA==",
      "dev": true,
      "license": "MIT",
      "engines": {
        "node": ">=6"
      }
    },
    "node_modules/devalue": {
      "version": "5.9.4",
      "resolved": "https://registry.npmjs.org/devalue/-/devalue-5.9.4.tgz",
      "integrity": "sha512-sPAT4pztbu6586/hrhOnMKS17IJrvg12mXiSPSS3W5qDeN2RGgvZ0diZCm31dBbnevfVmujNO3IM2wrS4Y2Rhg==",
      "dev": true,
      "license": "MIT"
    },
    "node_modules/esm-env": {
      "version": "1.2.2",
      "resolved": "https://registry.npmjs.org/esm-env/-/esm-env-1.2.2.tgz",
      "integrity": "sha512-Epxrv+Nr/CaL4ZcFGPJIYLWFom+YeV1DqMLHJoEd9SYRxNbaFruBwfEX/kkHUJf55j2+TUbmDcmuilbP1TmXHA==",
      "dev": true,
      "license": "MIT"
    },
    "node_modules/esrap": {
      "version": "2.3.7",
      "resolved": "https://registry.npmjs.org/esrap/-/esrap-2.3.7.tgz",
      "integrity": "sha512-n2nf7fZR3c9yXf0BPEuHuXqT+KW0SJVj4cN5FMEkpCZ3scLjOQWpiccyCxVzCC2q1wubTghuEGzngJY/7Ah0Ow==",
      "dev": true,
      "license": "MIT",
      "dependencies": {
        "@jridgewell/sourcemap-codec": "^1.4.15"
      },
      "peerDependencies": {
        "@typescript-eslint/types": "^8.2.0"
      },
      "peerDependenciesMeta": {
        "@typescript-eslint/types": {
          "optional": true
        }
      }
    },
    "node_modules/is-reference": {
      "version": "3.0.3",
      "resolved": "https://registry.npmjs.org/is-reference/-/is-reference-3.0.3.tgz",
      "integrity": "sha512-ixkJoqQvAP88E6wLydLGGqCJsrFUnqoH6HnaczB8XmDH1oaWU+xxdptvikTgaEhtZ53Ky6YXiBuUI2WXLMCwjw==",
      "dev": true,
      "license": "MIT",
      "dependencies": {
        "@types/estree": "^1.0.6"
      }
    },
    "node_modules/locate-character": {
      "version": "3.0.0",
      "resolved": "https://registry.npmjs.org/locate-character/-/locate-character-3.0.0.tgz",
      "integrity": "sha512-SW13ws7BjaeJ6p7Q6CO2nchbYEc3X3J6WrmTTDto7yMPqVSZTUyY5Tjbid+Ab8gLnATtygYtiDIJGQRRn2ZOiA==",
      "dev": true,
      "license": "MIT"
    },
    "node_modules/magic-string": {
      "version": "0.30.21",
      "resolved": "https://registry.npmjs.org/magic-string/-/magic-string-0.30.21.tgz",
      "integrity": "sha512-vd2F4YUyEXKGcLHoq+TEyCjxueSeHnFxyyjNp80yg0XV4vUhnDer/lvvlqM/arB5bXQN5K2/3oinyCRyx8T2CQ==",
      "dev": true,
      "license": "MIT",
      "dependencies": {
        "@jridgewell/sourcemap-codec": "^1.5.5"
      }
    },
    "node_modules/my-app": {
      "resolved": "../betakwaaba",
      "link": true
    },
    "node_modules/svelte": {
      "version": "5.57.1",
      "resolved": "https://registry.npmjs.org/svelte/-/svelte-5.57.1.tgz",
      "integrity": "sha512-Uqj49lWKB+iSSnneuwiYYJ7MZgkB+eXr0LXBhv4uDuAkXqnWmq65Sxflfvp0Lc6MdKjMUxGaeOKWJqz5SNiVIA==",
      "dev": true,
      "license": "MIT",
      "dependencies": {
        "@jridgewell/remapping": "^2.3.5",
        "@jridgewell/sourcemap-codec": "^1.6.0",
        "@sveltejs/acorn-typescript": "^1.0.13",
        "@types/estree": "^1.0.9",
        "acorn": "^8.18.0",
        "aria-query": "5.3.1",
        "axobject-query": "^4.1.0",
        "clsx": "^2.1.1",
        "devalue": "^5.9.2",
        "esm-env": "^1.2.1",
        "esrap": "^2.3.6",
        "is-reference": "^3.0.3",
        "locate-character": "^3.0.0",
        "magic-string": "^0.30.11",
        "zimmerframe": "^1.1.2"
      },
      "engines": {
        "node": ">=18"
      }
    },
    "node_modules/typescript": {
      "version": "5.9.3",
      "resolved": "https://registry.npmjs.org/typescript/-/typescript-5.9.3.tgz",
      "integrity": "sha512-jl1vZzPDinLr9eUt3J/t7V6FgNEw9QjvBPdysz9KfQDD41fQrC2Y4vKQdiaUpFT4bXlb1RHhLpp8wtm6M5TgSw==",
      "dev": true,
      "license": "Apache-2.0",
      "bin": {
        "tsc": "bin/tsc",
        "tsserver": "bin/tsserver"
      },
      "engines": {
        "node": ">=14.17"
      }
    },
    "node_modules/zimmerframe": {
      "version": "1.1.5",
      "resolved": "https://registry.npmjs.org/zimmerframe/-/zimmerframe-1.1.5.tgz",
      "integrity": "sha512-msJxIvYDYcoNL+PJsu+7qmpDWsYmAxTY+2TNYXXF0hzBzBk0BMecOqDOG/EckUoKCuKwObfbugIl8QpqHDXeFA==",
      "dev": true,
      "license": "MIT"
    },
    "packages/auth": {
      "name": "@company/auth",
      "version": "1.0.0",
      "dependencies": {
        "@company/cashier": "*",
        "@company/profile": "*",
        "@company/shared-ui": "*"
      },
      "devDependencies": {
        "svelte": "^5.0.0",
        "typescript": "^5.4.0"
      },
      "peerDependencies": {
        "svelte": "^4.0.0 || ^5.0.0"
      }
    },
    "packages/cashier": {
      "name": "@company/cashier",
      "version": "1.0.0",
      "devDependencies": {
        "svelte": "^5.0.0",
        "typescript": "^5.4.0"
      },
      "peerDependencies": {
        "svelte": "^4.0.0 || ^5.0.0"
      }
    },
    "packages/game": {
      "name": "@company/game",
      "version": "1.0.0",
      "dependencies": {
        "@company/auth": "*",
        "@company/profile": "*",
        "@company/shared-ui": "*"
      },
      "devDependencies": {
        "svelte": "^5.0.0",
        "typescript": "^5.4.0"
      },
      "peerDependencies": {
        "svelte": "^4.0.0 || ^5.0.0"
      }
    },
    "packages/profile": {
      "name": "@company/profile",
      "version": "1.0.0",
      "dependencies": {
        "@company/auth": "*",
        "@company/cashier": "*",
        "@company/shared-ui": "*"
      },
      "devDependencies": {
        "typescript": "^5.4.0"
      }
    },
    "packages/shared-ui": {
      "name": "@company/shared-ui",
      "version": "1.0.0",
      "devDependencies": {
        "svelte": "^5.0.0",
        "typescript": "^5.4.0"
      },
      "peerDependencies": {
        "svelte": "^4.0.0 || ^5.0.0"
      }
    }
  }
}
